
Microsoft Visual Studio Solution File, Format Version 12.00
# Visual Studio 2012
Project("{FAE04EC0-301F-11D3-BF4B-00C04F79EFBC}") = "2.Assignment", "2.Assignment.csproj", "{E0F7FA76-F1E4-4980-BFCB-6EE8F37FB05A}"
EndProject
Project("{FAE04EC0-301F-11D3-BF4B-00C04F79EFBC}") = "2.AssignmentTest", "UnitTestProject1\2.AssignmentTest.csproj", "{3D576651-0FB4-4C2D-802D-8A26D398AF62}"
EndProject
Global
	GlobalSection(SolutionConfigurationPlatforms) = preSolution
		Debug|Any CPU = Debug|Any CPU
		Release|Any CPU = Release|Any CPU
	EndGlobalSection
	GlobalSection(ProjectConfigurationPlatforms) = postSolution
		{E0F7FA76-F1E4-4980-BFCB-6EE8F37FB05A}.Debug|Any CPU.ActiveCfg = Debug|Any CPU
		{E0F7FA76-F1E4-4980-BFCB-6EE8F37FB05A}.Debug|Any CPU.Build.0 = Debug|Any CPU
		{E0F7FA76-F1E4-4980-BFCB-6EE8F37FB05A}.Release|Any CPU.ActiveCfg = Release|Any CPU
		{E0F7FA76-F1E4-4980-BFCB-6EE8F37FB05A}.Release|Any CPU.Build.0 = Release|Any CPU
		{3D576651-0FB4-4C2D-802D-8A26D398AF62}.Debug|Any CPU.ActiveCfg = Debug|Any CPU
		{3D576651-0FB4-4C2D-802D-8A26D398AF62}.Debug|Any CPU.Build.0 = Debug|Any CPU
		{3D576651-0FB4-4C2D-802D-8A26D398AF62}.Release|Any CPU.ActiveCfg = Release|Any CPU
		{3D576651-0FB4-4C2D-802D-8A26D398AF62}.Release|Any CPU.Build.0 = Release|Any CPU
	EndGlobalSection
	GlobalSection(SolutionProperties) = preSolution
		HideSolutionNode = FALSE
	EndGlobalSection
EndGlobal
